
Microsoft Visual Studio Solution File, Format Version 12.00
# Visual Studio Version 17
VisualStudioVersion = 17.14.36401.2 d17.14
MinimumVisualStudioVersion = 10.0.40219.1
Project("{FAE04EC0-301F-11D3-BF4B-00C04F79EFBC}") = "AppBlazor.Client", "AppBlazor.Client\AppBlazor.Client.csproj", "{3DB5C786-03FD-45FF-8B47-AD3C136B0481}"
EndProject
Project("{FAE04EC0-301F-11D3-BF4B-00C04F79EFBC}") = "AppBlazor.Entities", "AppBlazor.Entities\AppBlazor.Entities.csproj", "{182FB608-157E-40E1-BD52-485492D4655A}"
EndProject
Project("{FAE04EC0-301F-11D3-BF4B-00C04F79EFBC}") = "AppBlazor.test", "AppBlazor.test\AppBlazor.test.csproj", "{B193FFAD-19CE-4CDE-A693-F794715D3973}"
EndProject
Global
	GlobalSection(SolutionConfigurationPlatforms) = preSolution
		Debug|Any CPU = Debug|Any CPU
		Release|Any CPU = Release|Any CPU
	EndGlobalSection
	GlobalSection(ProjectConfigurationPlatforms) = postSolution
		{3DB5C786-03FD-45FF-8B47-AD3C136B0481}.Debug|Any CPU.ActiveCfg = Debug|Any CPU
		{3DB5C786-03FD-45FF-8B47-AD3C136B0481}.Debug|Any CPU.Build.0 = Debug|Any CPU
		{3DB5C786-03FD-45FF-8B47-AD3C136B0481}.Release|Any CPU.ActiveCfg = Release|Any CPU
		{3DB5C786-03FD-45FF-8B47-AD3C136B0481}.Release|Any CPU.Build.0 = Release|Any CPU
		{182FB608-157E-40E1-BD52-485492D4655A}.Debug|Any CPU.ActiveCfg = Debug|Any CPU
		{182FB608-157E-40E1-BD52-485492D4655A}.Debug|Any CPU.Build.0 = Debug|Any CPU
		{182FB608-157E-40E1-BD52-485492D4655A}.Release|Any CPU.ActiveCfg = Release|Any CPU
		{182FB608-157E-40E1-BD52-485492D4655A}.Release|Any CPU.Build.0 = Release|Any CPU
		{B193FFAD-19CE-4CDE-A693-F794715D3973}.Debug|Any CPU.ActiveCfg = Debug|Any CPU
		{B193FFAD-19CE-4CDE-A693-F794715D3973}.Debug|Any CPU.Build.0 = Debug|Any CPU
		{B193FFAD-19CE-4CDE-A693-F794715D3973}.Release|Any CPU.ActiveCfg = Release|Any CPU
		{B193FFAD-19CE-4CDE-A693-F794715D3973}.Release|Any CPU.Build.0 = Release|Any CPU
	EndGlobalSection
	GlobalSection(SolutionProperties) = preSolution
		HideSolutionNode = FALSE
	EndGlobalSection
	GlobalSection(ExtensibilityGlobals) = postSolution
		SolutionGuid = {03CF06E7-C5BE-408D-9288-7FB66633757D}
	EndGlobalSection
EndGlobal
